lockfileVersion: '9.0'

settings:
  autoInstallPeers: true
  excludeLinksFromLockfile: false

importers:

  .:
    devDependencies:
      '@types/cytoscape-fcose':
        specifier: ^2.2.4
        version: 2.2.4

packages:

  '@types/cytoscape-fcose@2.2.4':
    resolution: {integrity: sha512-QwWtnT8HI9h+DHhG5krGc1ZY0Ex+cn85MvX96ZNAjSxuXiZDnjIZW/ypVkvvubTjIY4rSdkJY1D/Nsn8NDpmAw==}

  '@types/cytoscape@3.21.9':
    resolution: {integrity: sha512-JyrG4tllI6jvuISPjHK9j2Xv/LTbnLekLke5otGStjFluIyA9JjgnvgZrSBsp8cEDpiTjwgZUZwpPv8TSBcoLw==}

snapshots:

  '@types/cytoscape-fcose@2.2.4':
    dependencies:
      '@types/cytoscape': 3.21.9

  '@types/cytoscape@3.21.9': {}
